
Microsoft Visual Studio Solution File, Format Version 12.00
# Visual Studio 14
VisualStudioVersion = 14.0.25420.1
MinimumVisualStudioVersion = 10.0.40219.1
Project("{FAE04EC0-301F-11D3-BF4B-00C04F79EFBC}") = "PhoneKeyboardPresenter", "PhoneKeyboardPresenter\PhoneKeyboardPresenter.csproj", "{88C7CE03-C667-4F75-A38A-06DE584DC71F}"
EndProject
Project("{FAE04EC0-301F-11D3-BF4B-00C04F79EFBC}") = "PhoneKeyBoardTests", "PhoneKeyBoardTests\PhoneKeyBoardTests.csproj", "{0818AD5F-EB46-46CB-9485-AECE9DC5227C}"
EndProject
Global
	GlobalSection(SolutionConfigurationPlatforms) = preSolution
		Debug|Any CPU = Debug|Any CPU
		Release|Any CPU = Release|Any CPU
	EndGlobalSection
	GlobalSection(ProjectConfigurationPlatforms) = postSolution
		{88C7CE03-C667-4F75-A38A-06DE584DC71F}.Debug|Any CPU.ActiveCfg = Debug|Any CPU
		{88C7CE03-C667-4F75-A38A-06DE584DC71F}.Debug|Any CPU.Build.0 = Debug|Any CPU
		{88C7CE03-C667-4F75-A38A-06DE584DC71F}.Release|Any CPU.ActiveCfg = Release|Any CPU
		{88C7CE03-C667-4F75-A38A-06DE584DC71F}.Release|Any CPU.Build.0 = Release|Any CPU
		{0818AD5F-EB46-46CB-9485-AECE9DC5227C}.Debug|Any CPU.ActiveCfg = Debug|Any CPU
		{0818AD5F-EB46-46CB-9485-AECE9DC5227C}.Debug|Any CPU.Build.0 = Debug|Any CPU
		{0818AD5F-EB46-46CB-9485-AECE9DC5227C}.Release|Any CPU.ActiveCfg = Release|Any CPU
		{0818AD5F-EB46-46CB-9485-AECE9DC5227C}.Release|Any CPU.Build.0 = Release|Any CPU
	EndGlobalSection
	GlobalSection(SolutionProperties) = preSolution
		HideSolutionNode = FALSE
	EndGlobalSection
EndGlobal
